
Microsoft Visual Studio Solution File, Format Version 12.00
# Visual Studio Version 17
VisualStudioVersion = 17.3.32929.385
MinimumVisualStudioVersion = 10.0.40219.1
Project("{FAE04EC0-301F-11D3-BF4B-00C04F79EFBC}") = "createpaymingtoquickpay", "createpaymingtoquickpay\createpaymingtoquickpay.csproj", "{FDE0B278-092A-46DE-B322-176C0698E536}"
EndProject
Global
	GlobalSection(SolutionConfigurationPlatforms) = preSolution
		Debug|Any CPU = Debug|Any CPU
		Release|Any CPU = Release|Any CPU
	EndGlobalSection
	GlobalSection(ProjectConfigurationPlatforms) = postSolution
		{FDE0B278-092A-46DE-B322-176C0698E536}.Debug|Any CPU.ActiveCfg = Debug|Any CPU
		{FDE0B278-092A-46DE-B322-176C0698E536}.Debug|Any CPU.Build.0 = Debug|Any CPU
		{FDE0B278-092A-46DE-B322-176C0698E536}.Release|Any CPU.ActiveCfg = Release|Any CPU
		{FDE0B278-092A-46DE-B322-176C0698E536}.Release|Any CPU.Build.0 = Release|Any CPU
	EndGlobalSection
	GlobalSection(SolutionProperties) = preSolution
		HideSolutionNode = FALSE
	EndGlobalSection
	GlobalSection(ExtensibilityGlobals) = postSolution
		SolutionGuid = {14192E7F-4DDA-459F-BFDC-1B918FC957E3}
	EndGlobalSection
EndGlobal
